<Solution>
  <Folder Name="/01/">
    <Project Path="hello-agent/hello-agent.csproj" />
  </Folder>
  <Folder Name="/02-function-tools/" />
  <Folder Name="/02-function-tools/approval-function/">
    <Project Path="approval-function-tool/approval-function-tool.csproj" Id="533c2f8b-061f-4c92-9145-36b834a2f7ea" />
  </Folder>
  <Folder Name="/02-function-tools/multiple-function-tools/">
    <Project Path="multiple-function-tools/multiple-function-tools.csproj" Id="913caa74-364a-47f1-9108-c6ffe8ad755c" />
  </Folder>
  <Folder Name="/02-function-tools/one-function-tool/">
    <Project Path="one-function-tool/one-function-tool.csproj" Id="5b3dfd23-3c7f-47c3-9c7d-031c8fc66cb7" />
  </Folder>
  <Folder Name="/03-session-memory/" />
  <Folder Name="/03-session-memory/basicmemory/">
    <Project Path="basic-memory/basic-memory.csproj" Id="19d7b2a0-bcc5-43f5-ad3d-7209d1b2436b" />
  </Folder>
  <Folder Name="/03-session-memory/session-memory/">
    <Project Path="session-memory/session-memory.csproj" Id="361205da-ca23-447f-b3f5-fea7bbfdb613" />
  </Folder>
  <Folder Name="/04-structured-output/">
    <Project Path="structured-output/structured-output.csproj" Id="0d733f10-33db-402f-9715-de171176255d" />
  </Folder>
  <Folder Name="/05-rag/">
    <Project Path="rag/rag.csproj" Id="62e95049-ec7f-4c31-81bd-8e71cc16f02b" />
  </Folder>
  <Folder Name="/06-support-workflow/">
    <Project Path="support-workflow/support-workflow.csproj" Id="0b3d9565-ac5f-437b-a342-90937233f015" />
  </Folder>
  <Folder Name="/AgentExample/" />
  <Folder Name="/AgentExample/SqlAgent/">
    <Project Path="SqlAgent/SqlAgent.csproj" Id="2b41b2f1-1ed3-4843-9a2d-e487988c4540" />
  </Folder>
  <Folder Name="/Solution Items/">
    <File Path=".gitignore" />
  </Folder>
</Solution>
